
Microsoft Visual Studio Solution File, Format Version 12.00
# Visual Studio Version 16
VisualStudioVersion = 16.0.30011.22
MinimumVisualStudioVersion = 10.0.40219.1
Project("{9A19103F-16F7-4668-BE54-9A1E7A4F7556}") = "Contoso.Extensions", "Contoso.Extensions\Contoso.Extensions.csproj", "{AB415819-7745-4B05-871A-125FE0F5A45E}"
EndProject
Project("{9A19103F-16F7-4668-BE54-9A1E7A4F7556}") = "Contoso.Extensions.Caching", "Contoso.Extensions.Caching\Contoso.Extensions.Caching.csproj", "{1953B89C-1FA3-482B-96A3-64852B6AD11F}"
EndProject
Project("{9A19103F-16F7-4668-BE54-9A1E7A4F7556}") = "Contoso.Extensions.Data", "Contoso.Extensions.Data\Contoso.Extensions.Data.csproj", "{FCE72433-D9E0-460A-A127-EF3291AB6DE2}"
EndProject
Project("{9A19103F-16F7-4668-BE54-9A1E7A4F7556}") = "Contoso.Extensions.Caching.FileStream", "Contoso.Extensions.Caching.FileStream\Contoso.Extensions.Caching.FileStream.csproj", "{A98D26B6-0263-4F89-83E8-00119F667410}"
EndProject
Project("{9A19103F-16F7-4668-BE54-9A1E7A4F7556}") = "Contoso.Extensions.Caching.FileStream.Tests", "Contoso.Extensions.Caching.FileStream.Tests\Contoso.Extensions.Caching.FileStream.Tests.csproj", "{3EBD119B-3779-4375-87D8-33CCA243050F}"
EndProject
Project("{9A19103F-16F7-4668-BE54-9A1E7A4F7556}") = "Contoso.Extensions.Caching.SQLite", "Contoso.Extensions.Caching.SQLite\Contoso.Extensions.Caching.SQLite.csproj", "{A131B546-D53A-4464-9D9C-6AC3C28C7A98}"
EndProject
Project("{9A19103F-16F7-4668-BE54-9A1E7A4F7556}") = "Contoso.Extensions.Caching.SQLite.Tests", "Contoso.Extensions.Caching.SQLite.Tests\Contoso.Extensions.Caching.SQLite.Tests.csproj", "{44B854D2-4990-413F-92C3-1C5F00A02074}"
EndProject
Project("{9A19103F-16F7-4668-BE54-9A1E7A4F7556}") = "Contoso.Extensions.Caching.Abstractions", "Contoso.Extensions.Caching.Abstractions\Contoso.Extensions.Caching.Abstractions.csproj", "{B33DC058-F573-437F-B00F-1DA4FD44C499}"
EndProject
Project("{9A19103F-16F7-4668-BE54-9A1E7A4F7556}") = "dotnet-sqlite-cache", "dotnet-sqlite-cache\dotnet-sqlite-cache.csproj", "{EC49E992-0520-4A00-BB96-42DCB438DCB1}"
EndProject
Project("{9A19103F-16F7-4668-BE54-9A1E7A4F7556}") = "Contoso.Extensions.FileSystem", "Contoso.Extensions.FileSystem\Contoso.Extensions.FileSystem.csproj", "{026AA247-FE6E-4ED3-B370-A163B2C3AE9A}"
EndProject
Project("{9A19103F-16F7-4668-BE54-9A1E7A4F7556}") = "Contoso.Extensions.Caching.Http", "Contoso.Extensions.Caching.Http\Contoso.Extensions.Caching.Http.csproj", "{1058B425-C98B-49BF-A961-472005F68BB0}"
EndProject
Project("{9A19103F-16F7-4668-BE54-9A1E7A4F7556}") = "Contoso.Extensions.Caching.MemoryStream", "Contoso.Extensions.Caching.MemoryStream\Contoso.Extensions.Caching.MemoryStream.csproj", "{D7672F88-50FE-41C1-882A-23B3480D13E4}"
EndProject
Project("{9A19103F-16F7-4668-BE54-9A1E7A4F7556}") = "Contoso.Extensions.Ssh", "Contoso.Extensions.Ssh\Contoso.Extensions.Ssh.csproj", "{2EF8B36D-C526-4174-86AA-0B78D6DDD3EE}"
EndProject
Global
	GlobalSection(SolutionConfigurationPlatforms) = preSolution
		Debug|Any CPU = Debug|Any CPU
		Release|Any CPU = Release|Any CPU
	EndGlobalSection
	GlobalSection(ProjectConfigurationPlatforms) = postSolution
		{AB415819-7745-4B05-871A-125FE0F5A45E}.Debug|Any CPU.ActiveCfg = Debug|Any CPU
		{AB415819-7745-4B05-871A-125FE0F5A45E}.Debug|Any CPU.Build.0 = Debug|Any CPU
		{AB415819-7745-4B05-871A-125FE0F5A45E}.Release|Any CPU.ActiveCfg = Release|Any CPU
		{AB415819-7745-4B05-871A-125FE0F5A45E}.Release|Any CPU.Build.0 = Release|Any CPU
		{1953B89C-1FA3-482B-96A3-64852B6AD11F}.Debug|Any CPU.ActiveCfg = Debug|Any CPU
		{1953B89C-1FA3-482B-96A3-64852B6AD11F}.Debug|Any CPU.Build.0 = Debug|Any CPU
		{1953B89C-1FA3-482B-96A3-64852B6AD11F}.Release|Any CPU.ActiveCfg = Release|Any CPU
		{1953B89C-1FA3-482B-96A3-64852B6AD11F}.Release|Any CPU.Build.0 = Release|Any CPU
		{FCE72433-D9E0-460A-A127-EF3291AB6DE2}.Debug|Any CPU.ActiveCfg = Debug|Any CPU
		{FCE72433-D9E0-460A-A127-EF3291AB6DE2}.Debug|Any CPU.Build.0 = Debug|Any CPU
		{FCE72433-D9E0-460A-A127-EF3291AB6DE2}.Release|Any CPU.ActiveCfg = Release|Any CPU
		{FCE72433-D9E0-460A-A127-EF3291AB6DE2}.Release|Any CPU.Build.0 = Release|Any CPU
		{A98D26B6-0263-4F89-83E8-00119F667410}.Debug|Any CPU.ActiveCfg = Debug|Any CPU
		{A98D26B6-0263-4F89-83E8-00119F667410}.Debug|Any CPU.Build.0 = Debug|Any CPU
		{A98D26B6-0263-4F89-83E8-00119F667410}.Release|Any CPU.ActiveCfg = Release|Any CPU
		{A98D26B6-0263-4F89-83E8-00119F667410}.Release|Any CPU.Build.0 = Release|Any CPU
		{3EBD119B-3779-4375-87D8-33CCA243050F}.Debug|Any CPU.ActiveCfg = Debug|Any CPU
		{3EBD119B-3779-4375-87D8-33CCA243050F}.Debug|Any CPU.Build.0 = Debug|Any CPU
		{3EBD119B-3779-4375-87D8-33CCA243050F}.Release|Any CPU.ActiveCfg = Release|Any CPU
		{3EBD119B-3779-4375-87D8-33CCA243050F}.Release|Any CPU.Build.0 = Release|Any CPU
		{A131B546-D53A-4464-9D9C-6AC3C28C7A98}.Debug|Any CPU.ActiveCfg = Debug|Any CPU
		{A131B546-D53A-4464-9D9C-6AC3C28C7A98}.Debug|Any CPU.Build.0 = Debug|Any CPU
		{A131B546-D53A-4464-9D9C-6AC3C28C7A98}.Release|Any CPU.ActiveCfg = Release|Any CPU
		{A131B546-D53A-4464-9D9C-6AC3C28C7A98}.Release|Any CPU.Build.0 = Release|Any CPU
		{44B854D2-4990-413F-92C3-1C5F00A02074}.Debug|Any CPU.ActiveCfg = Debug|Any CPU
		{44B854D2-4990-413F-92C3-1C5F00A02074}.Debug|Any CPU.Build.0 = Debug|Any CPU
		{44B854D2-4990-413F-92C3-1C5F00A02074}.Release|Any CPU.ActiveCfg = Release|Any CPU
		{44B854D2-4990-413F-92C3-1C5F00A02074}.Release|Any CPU.Build.0 = Release|Any CPU
		{B33DC058-F573-437F-B00F-1DA4FD44C499}.Debug|Any CPU.ActiveCfg = Debug|Any CPU
		{B33DC058-F573-437F-B00F-1DA4FD44C499}.Debug|Any CPU.Build.0 = Debug|Any CPU
		{B33DC058-F573-437F-B00F-1DA4FD44C499}.Release|Any CPU.ActiveCfg = Release|Any CPU
		{B33DC058-F573-437F-B00F-1DA4FD44C499}.Release|Any CPU.Build.0 = Release|Any CPU
		{EC49E992-0520-4A00-BB96-42DCB438DCB1}.Debug|Any CPU.ActiveCfg = Debug|Any CPU
		{EC49E992-0520-4A00-BB96-42DCB438DCB1}.Debug|Any CPU.Build.0 = Debug|Any CPU
		{EC49E992-0520-4A00-BB96-42DCB438DCB1}.Release|Any CPU.ActiveCfg = Release|Any CPU
		{EC49E992-0520-4A00-BB96-42DCB438DCB1}.Release|Any CPU.Build.0 = Release|Any CPU
		{026AA247-FE6E-4ED3-B370-A163B2C3AE9A}.Debug|Any CPU.ActiveCfg = Debug|Any CPU
		{026AA247-FE6E-4ED3-B370-A163B2C3AE9A}.Debug|Any CPU.Build.0 = Debug|Any CPU
		{026AA247-FE6E-4ED3-B370-A163B2C3AE9A}.Release|Any CPU.ActiveCfg = Release|Any CPU
		{026AA247-FE6E-4ED3-B370-A163B2C3AE9A}.Release|Any CPU.Build.0 = Release|Any CPU
		{1058B425-C98B-49BF-A961-472005F68BB0}.Debug|Any CPU.ActiveCfg = Debug|Any CPU
		{1058B425-C98B-49BF-A961-472005F68BB0}.Debug|Any CPU.Build.0 = Debug|Any CPU
		{1058B425-C98B-49BF-A961-472005F68BB0}.Release|Any CPU.ActiveCfg = Release|Any CPU
		{1058B425-C98B-49BF-A961-472005F68BB0}.Release|Any CPU.Build.0 = Release|Any CPU
		{D7672F88-50FE-41C1-882A-23B3480D13E4}.Debug|Any CPU.ActiveCfg = Debug|Any CPU
		{D7672F88-50FE-41C1-882A-23B3480D13E4}.Debug|Any CPU.Build.0 = Debug|Any CPU
		{D7672F88-50FE-41C1-882A-23B3480D13E4}.Release|Any CPU.ActiveCfg = Release|Any CPU
		{D7672F88-50FE-41C1-882A-23B3480D13E4}.Release|Any CPU.Build.0 = Release|Any CPU
		{2EF8B36D-C526-4174-86AA-0B78D6DDD3EE}.Debug|Any CPU.ActiveCfg = Debug|Any CPU
		{2EF8B36D-C526-4174-86AA-0B78D6DDD3EE}.Debug|Any CPU.Build.0 = Debug|Any CPU
		{2EF8B36D-C526-4174-86AA-0B78D6DDD3EE}.Release|Any CPU.ActiveCfg = Release|Any CPU
		{2EF8B36D-C526-4174-86AA-0B78D6DDD3EE}.Release|Any CPU.Build.0 = Release|Any CPU
	EndGlobalSection
	GlobalSection(SolutionProperties) = preSolution
		HideSolutionNode = FALSE
	EndGlobalSection
	GlobalSection(ExtensibilityGlobals) = postSolution
		SolutionGuid = {C6F0BB94-DECA-4B3E-BA62-CC63066257FF}
	EndGlobalSection
EndGlobal
